{
    "_readme": [
        "This file locks the dependencies of your project to a known state",
        "Read more about it at https://getcomposer.org/doc/01-basic-usage.md#composer-lock-the-lock-file",
        "This file is @generated automatically"
    ],
    "hash": "6a2b9ff9d0dd3f1519f175625864bd08",
    "content-hash": "8eaf2c337b5370e3bb047409a9da0456",
    "packages": [
        {
            "name": "bobdenotter/seo",
            "version": "v0.10.3",
            "source": {
                "type": "git",
                "url": "https://github.com/bobdenotter/seo.git",
                "reference": "f562dc87ed7b73220520a3679234a79fc2238dd6"
            },
            "dist": {
                "type": "zip",
                "url": "https://api.github.com/repos/bobdenotter/seo/zipball/f562dc87ed7b73220520a3679234a79fc2238dd6",
                "reference": "f562dc87ed7b73220520a3679234a79fc2238dd6",
                "shasum": ""
            },
            "require": {
                "bolt/bolt": "^3.0"
            },
            "type": "bolt-extension",
            "extra": {
                "bolt-assets": "web",
                "bolt-class": "Bolt\\Extension\\BobdenOtter\\Seo\\SeoExtension"
            },
            "autoload": {
                "psr-4": {
                    "Bolt\\Extension\\BobdenOtter\\Seo\\": "src"
                }
            },
            "license": [
                "MIT"
            ],
            "authors": [
                {
                    "name": "Bob den Otter",
                    "email": "bob@twokings.nl"
                }
            ],
            "description": "An extension to easily manage SEO title, meta description and OG tags.",
            "support": {
                "source": "https://github.com/bobdenotter/seo/tree/v0.10.3",
                "issues": "https://github.com/bobdenotter/seo/issues"
            },
            "time": "2016-07-07 07:56:29"
        },
        {
            "name": "bobdenotter/tweet-embed",
            "version": "v1.0.2",
            "source": {
                "type": "git",
                "url": "https://github.com/bobdenotter/bolt-tweet-embed.git",
                "reference": "985e926ddf2f9d31429c422dc3ee597d60aee41b"
            },
            "dist": {
                "type": "zip",
                "url": "https://api.github.com/repos/bobdenotter/bolt-tweet-embed/zipball/985e926ddf2f9d31429c422dc3ee597d60aee41b",
                "reference": "985e926ddf2f9d31429c422dc3ee597d60aee41b",
                "shasum": ""
            },
            "require": {
                "bolt/bolt": "^3.0"
            },
            "replace": {
                "bobdenotter/bolt-tweet-embed": "*"
            },
            "type": "bolt-extension",
            "extra": {
                "bolt-assets": "web",
                "bolt-class": "Bolt\\Extension\\Bobdenotter\\TweetEmbed\\TweetEmbedExtension"
            },
            "autoload": {
                "psr-4": {
                    "Bolt\\Extension\\Bobdenotter\\TweetEmbed\\": "src"
                }
            },
            "license": [
                "MIT"
            ],
            "authors": [
                {
                    "name": "Bob den Otter",
                    "email": "bob@twokings.nl"
                }
            ],
            "description": "A simple extension to embed tweets from Twitter in your website.",
            "keywords": [
                "embed",
                "tweet",
                "twitter"
            ],
            "support": {
                "source": "https://github.com/bobdenotter/bolt-tweet-embed/tree/master",
                "issues": "https://github.com/bobdenotter/bolt-tweet-embed/issues"
            },
            "time": "2016-04-26 08:14:41"
        },
        {
            "name": "bolt/boltforms",
            "version": "dev-master",
            "source": {
                "type": "git",
                "url": "https://github.com/bolt/boltforms.git",
                "reference": "1d65eaf460be99b25d43e02d63467363d43b017a"
            },
            "dist": {
                "type": "zip",
                "url": "https://api.github.com/repos/bolt/boltforms/zipball/1d65eaf460be99b25d43e02d63467363d43b017a",
                "reference": "1d65eaf460be99b25d43e02d63467363d43b017a",
                "shasum": ""
            },
            "require": {
                "bolt/bolt": "^3.0"
            },
            "require-dev": {
                "phpunit/phpunit": "^4.7"
            },
            "suggest": {
                "rossriley/formeditor": "A UI editor for form configuration."
            },
            "type": "bolt-extension",
            "extra": {
                "bolt-assets": "web",
                "bolt-class": "Bolt\\Extension\\Bolt\\BoltForms\\BoltFormsExtension",
                "bolt-icon": "icon-boltforms.png",
                "branch-alias": {
                    "dev-master": "3.1.x-dev"
                }
            },
            "autoload": {
                "psr-4": {
                    "Bolt\\Extension\\Bolt\\BoltForms\\": [
                        "src/"
                    ],
                    "ReCaptcha\\": "lib/ReCaptcha/"
                },
                "classmap": [
                    "doc/example/"
                ]
            },
            "autoload-dev": {
                "psr-4": {
                    "Bolt\\Extension\\Bolt\\BoltForms\\Tests\\": "tests/",
                    "Bolt\\Tests\\": "vendor/bolt/bolt/tests/phpunit/unit/"
                }
            },
            "license": [
                "GPL-3.0+"
            ],
            "authors": [
                {
                    "name": "Gawain Lynch",
                    "email": "gawain.lynch@gmail.com"
                }
            ],
            "description": "Symfony Forms API for bolt",
            "keywords": [
                "comments",
                "contact",
                "forms",
                "reCaptcha",
                "uploads"
            ],
            "support": {
                "source": "https://github.com/bolt/boltforms/tree/master",
                "issues": "https://github.com/bolt/boltforms/issues"
            },
            "time": "2016-06-28 07:01:36"
        },
        {
            "name": "bolt/disqus",
            "version": "v2.0.1",
            "source": {
                "type": "git",
                "url": "https://github.com/bolt/Disqus.git",
                "reference": "fbf6e5cd43451a9ed161d66ffcf54558025a13c4"
            },
            "dist": {
                "type": "zip",
                "url": "https://api.github.com/repos/bolt/Disqus/zipball/fbf6e5cd43451a9ed161d66ffcf54558025a13c4",
                "reference": "fbf6e5cd43451a9ed161d66ffcf54558025a13c4",
                "shasum": ""
            },
            "require": {
                "bolt/bolt": "^3.0"
            },
            "type": "bolt-extension",
            "extra": {
                "bolt-icon": "web/disqus.png",
                "bolt-assets": "web",
                "bolt-class": "Bolt\\Extension\\Bolt\\Disqus\\DisqusExtension"
            },
            "autoload": {
                "psr-4": {
                    "Bolt\\Extension\\Bolt\\Disqus\\": "src"
                }
            },
            "license": [
                "MIT"
            ],
            "authors": [
                {
                    "name": "Bob den Otter",
                    "email": "bob@twokings.nl"
                }
            ],
            "description": "The 'Disqus' extension inserts a Disqus comment thread in your templates.",
            "keywords": [
                "comments",
                "disqus"
            ],
            "support": {
                "source": "https://github.com/bolt/Disqus/tree/v2.0.1",
                "issues": "https://github.com/bolt/Disqus/issues"
            },
            "time": "2016-05-28 12:06:15"
        },
        {
            "name": "bolt/file-browser",
            "version": "dev-master",
            "source": {
                "type": "git",
                "url": "https://github.com/GawainLynch/bolt-extension-file-browser.git",
                "reference": "f725d1a60a3dab809cc043e8ea4998579af7e9f6"
            },
            "dist": {
                "type": "zip",
                "url": "https://api.github.com/repos/GawainLynch/bolt-extension-file-browser/zipball/f725d1a60a3dab809cc043e8ea4998579af7e9f6",
                "reference": "f725d1a60a3dab809cc043e8ea4998579af7e9f6",
                "shasum": ""
            },
            "require": {
                "bolt/bolt": "^3.0"
            },
            "type": "bolt-extension",
            "extra": {
                "bolt-assets": "web",
                "bolt-class": "Bolt\\Extension\\Bolt\\FileDirectoryBrowser\\FileDirectoryBrowserExtension",
                "bolt-icon": "icon.png",
                "bolt-screenshots": [
                    "screenshot-main.png",
                    "screenshot-subdirectory.png"
                ],
                "branch-alias": {
                    "dev-master": "3.0.x-dev"
                }
            },
            "autoload": {
                "psr-4": {
                    "Bolt\\Extension\\Bolt\\FileDirectoryBrowser\\": "src"
                }
            },
            "license": [
                "MIT"
            ],
            "authors": [
                {
                    "name": "Gawain Lynch",
                    "email": "gawain.lynch@gmail.com"
                }
            ],
            "description": "File & directory browser",
            "keywords": [
                "browse",
                "directories",
                "download",
                "files"
            ],
            "support": {
                "source": "https://github.com/GawainLynch/bolt-extension-file-browser/tree/master",
                "issues": "https://github.com/GawainLynch/bolt-extension-file-browser/issues"
            },
            "time": "2016-09-09 06:05:34"
        },
        {
            "name": "ohlandt/user-profiles",
            "version": "2.0.1",
            "source": {
                "type": "git",
                "url": "https://github.com/PhillippOhlandt/bolt-extension-user-profiles.git",
                "reference": "dc2c0f2c4873f457dfc9f11ee97abc01ed25446c"
            },
            "dist": {
                "type": "zip",
                "url": "https://api.github.com/repos/PhillippOhlandt/bolt-extension-user-profiles/zipball/dc2c0f2c4873f457dfc9f11ee97abc01ed25446c",
                "reference": "dc2c0f2c4873f457dfc9f11ee97abc01ed25446c",
                "shasum": ""
            },
            "require": {
                "bolt/bolt": "^3.0"
            },
            "require-dev": {
                "phpunit/phpunit": "^4.7"
            },
            "type": "bolt-extension",
            "extra": {
                "bolt-assets": "web",
                "bolt-class": "Bolt\\Extension\\Ohlandt\\UserProfiles\\UserProfilesExtension"
            },
            "autoload": {
                "psr-4": {
                    "Bolt\\Extension\\Ohlandt\\UserProfiles\\": "src"
                }
            },
            "autoload-dev": {
                "psr-4": {
                    "Bolt\\Extension\\Ohlandt\\UserProfiles\\Tests\\": "tests",
                    "Bolt\\Tests\\": "vendor/bolt/bolt/tests/phpunit/unit/"
                }
            },
            "license": [
                "MIT"
            ],
            "authors": [
                {
                    "name": "Phillipp Ohlandt",
                    "email": "phillipp.ohlandt@googlemail.com"
                }
            ],
            "description": "Extend the default Bolt users based on your needs and create public profile pages",
            "keywords": [
                "profiles",
                "social",
                "user"
            ],
            "support": {
                "source": "https://github.com/PhillippOhlandt/bolt-extension-user-profiles/tree/master",
                "issues": "https://github.com/PhillippOhlandt/bolt-extension-user-profiles/issues"
            },
            "time": "2016-07-01 19:49:58"
        }
    ],
    "packages-dev": [],
    "aliases": [],
    "minimum-stability": "stable",
    "stability-flags": {
        "bolt/boltforms": 20,
        "bolt/file-browser": 20
    },
    "prefer-stable": true,
    "prefer-lowest": false,
    "platform": [],
    "platform-dev": []
}
